github.com/gorilla/securecookie v1.1.1/go.mod h1:ra0sb63/xPlUeL+yeDciTfxMRAA+MP+HVt/4epWDjd4=
github.com/gorilla/sessions v1.2.0/go.mod h1:dk2InVEVJ0sfLlnXv9EAgkf6ecYs/i80K/zI+bUmuGM=
github.com/mattn/go-sqlite3 v1.10.0/go.mod h1:FPy6KqzDD04eiIsT53CuJW3U88zkxoIYsOqkbpncsNc=
github.com/maxbarbieri/sqlitestore v0.0.0-20190716091224-ada6599dac10 h1:vAvmqwGGNS35Wv8ruAGtQHQdNG/KWbkUzXcCADrPcbE=
github.com/maxbarbieri/sqlitestore v0.0.0-20190716091224-ada6599dac10/go.mod h1:UXwv6dma3jnsPeHde+pGczkGkqRpjHO+jU/2k7BTHsk=
